// !$*UTF8*$!
{
	archiveVersion = 1;
	classes = {
	};
	objectVersion = 55;
	objects = {

/* Begin PBXBuildFile section */
		3A18DB142818FDC300278E87 /* SmileMeatsApp.swift in Sources */ = {isa = PBXBuildFile; fileRef = 3A18DB132818FDC300278E87 /* SmileMeatsApp.swift */; };
		3A18DB162818FDC300278E87 /* ContentView.swift in Sources */ = {isa = PBXBuildFile; fileRef = 3A18DB152818FDC300278E87 /* ContentView.swift */; };
		3A18DB182818FDC400278E87 /* Assets.xcassets in Resources */ = {isa = PBXBuildFile; fileRef = 3A18DB172818FDC400278E87 /* Assets.xcassets */; };
		3A18DB1B2818FDC400278E87 /* Preview Assets.xcassets in Resources */ = {isa = PBXBuildFile; fileRef = 3A18DB1A2818FDC400278E87 /* Preview Assets.xcassets */; };
		3A18DB252818FDC400278E87 /* SmileMeatsTests.swift in Sources */ = {isa = PBXBuildFile; fileRef = 3A18DB242818FDC400278E87 /* SmileMeatsTests.swift */; };
		3A18DB2F2818FDC400278E87 /* SmileMeatsUITests.swift in Sources */ = {isa = PBXBuildFile; fileRef = 3A18DB2E2818FDC400278E87 /* SmileMeatsUITests.swift */; };
		3A18DB312818FDC400278E87 /* SmileMeatsUITestsLaunchTests.swift in Sources */ = {isa = PBXBuildFile; fileRef = 3A18DB302818FDC400278E87 /* SmileMeatsUITestsLaunchTests.swift */; };
		3A18DB412819122600278E87 /* DashboardView.swift in Sources */ = {isa = PBXBuildFile; fileRef = 3A18DB402819122600278E87 /* DashboardView.swift */; };
		3A8C8555281A841500EC7252 /* LICENSE.md in Resources */ = {isa = PBXBuildFile; fileRef = 3A8C8554281A841500EC7252 /* LICENSE.md */; };
		3A8E33D62819391F00056387 /* DashboardItemModel.swift in Sources */ = {isa = PBXBuildFile; fileRef = 3A8E33D52819391F00056387 /* DashboardItemModel.swift */; };
		3A8E33D828193A6D00056387 /* DashboardCardView.swift in Sources */ = {isa = PBXBuildFile; fileRef = 3A8E33D728193A6D00056387 /* DashboardCardView.swift */; };
		A43ADDB13D1E278A888FB8DA /* Pods_SmileMeats.framework in Frameworks */ = {isa = PBXBuildFile; fileRef = E78F0F66BC24108EE6868554 /* Pods_SmileMeats.framework */; };
		C75B9D779041B6F50CE98B89 /* Pods_SmileMeatsTests.framework in Frameworks */ = {isa = PBXBuildFile; fileRef = F8B651007A9FA8E561423E8D /* Pods_SmileMeatsTests.framework */; };
		CAC39269A15E85597D098915 /* Pods_SmileMeats_SmileMeatsUITests.framework in Frameworks */ = {isa = PBXBuildFile; fileRef = B4D5C6F5BFBB7818C69D4AF3 /* Pods_SmileMeats_SmileMeatsUITests.framework */; };
/* End PBXBuildFile section */

/* Begin PBXContainerItemProxy section */
		3A18DB212818FDC400278E87 /* PBXContainerItemProxy */ = {
			isa = PBXContainerItemProxy;
			containerPortal = 3A18DB082818FDC300278E87 /* Project object */;
			proxyType = 1;
			remoteGlobalIDString = 3A18DB0F2818FDC300278E87;
			remoteInfo = SmileMeats;
		};
		3A18DB2B2818FDC400278E87 /* PBXContainerItemProxy */ = {
			isa = PBXContainerItemProxy;
			containerPortal = 3A18DB082818FDC300278E87 /* Project object */;
			proxyType = 1;
			remoteGlobalIDString = 3A18DB0F2818FDC300278E87;
			remoteInfo = SmileMeats;
		};
/* End PBXContainerItemProxy section */

/* Begin PBXFileReference section */
		3A18DB102818FDC300278E87 /* SmileMeats.app */ = {isa = PBXFileReference; explicitFileType = wrapper.application; includeInIndex = 0; path = SmileMeats.app; sourceTree = BUILT_PRODUCTS_DIR; };
		3A18DB132818FDC300278E87 /* SmileMeatsApp.swift */ = {isa = PBXFileReference; lastKnownFileType = sourcecode.swift; path = SmileMeatsApp.swift; sourceTree = "<group>"; };
		3A18DB152818FDC300278E87 /* ContentView.swift */ = {isa = PBXFileReference; lastKnownFileType = sourcecode.swift; path = ContentView.swift; sourceTree = "<group>"; };
		3A18DB172818FDC400278E87 /* Assets.xcassets */ = {isa = PBXFileReference; lastKnownFileType = folder.assetcatalog; path = Assets.xcassets; sourceTree = "<group>"; };
		3A18DB1A2818FDC400278E87 /* Preview Assets.xcassets */ = {isa = PBXFileReference; lastKnownFileType = folder.assetcatalog; path = "Preview Assets.xcassets"; sourceTree = "<group>"; };
		3A18DB202818FDC400278E87 /* SmileMeatsTests.xctest */ = {isa = PBXFileReference; explicitFileType = wrapper.cfbundle; includeInIndex = 0; path = SmileMeatsTests.xctest; sourceTree = BUILT_PRODUCTS_DIR; };
		3A18DB242818FDC400278E87 /* SmileMeatsTests.swift */ = {isa = PBXFileReference; lastKnownFileType = sourcecode.swift; path = SmileMeatsTests.swift; sourceTree = "<group>"; };
		3A18DB2A2818FDC400278E87 /* SmileMeatsUITests.xctest */ = {isa = PBXFileReference; explicitFileType = wrapper.cfbundle; includeInIndex = 0; path = SmileMeatsUITests.xctest; sourceTree = BUILT_PRODUCTS_DIR; };
		3A18DB2E2818FDC400278E87 /* SmileMeatsUITests.swift */ = {isa = PBXFileReference; lastKnownFileType = sourcecode.swift; path = SmileMeatsUITests.swift; sourceTree = "<group>"; };
		3A18DB302818FDC400278E87 /* SmileMeatsUITestsLaunchTests.swift */ = {isa = PBXFileReference; lastKnownFileType = sourcecode.swift; path = SmileMeatsUITestsLaunchTests.swift; sourceTree = "<group>"; };
		3A18DB402819122600278E87 /* DashboardView.swift */ = {isa = PBXFileReference; lastKnownFileType = sourcecode.swift; path = DashboardView.swift; sourceTree = "<group>"; };
		3A8C8554281A841500EC7252 /* LICENSE.md */ = {isa = PBXFileReference; lastKnownFileType = net.daringfireball.markdown; path = LICENSE.md; sourceTree = "<group>"; };
		3A8E33D52819391F00056387 /* DashboardItemModel.swift */ = {isa = PBXFileReference; lastKnownFileType = sourcecode.swift; path = DashboardItemModel.swift; sourceTree = "<group>"; };
		3A8E33D728193A6D00056387 /* DashboardCardView.swift */ = {isa = PBXFileReference; lastKnownFileType = sourcecode.swift; path = DashboardCardView.swift; sourceTree = "<group>"; };
		ABBAC5B7AFE288550555A4D6 /* Pods-SmileMeats-SmileMeatsUITests.debug.xcconfig */ = {isa = PBXFileReference; includeInIndex = 1; lastKnownFileType = text.xcconfig; name = "Pods-SmileMeats-SmileMeatsUITests.debug.xcconfig"; path = "Target Support Files/Pods-SmileMeats-SmileMeatsUITests/Pods-SmileMeats-SmileMeatsUITests.debug.xcconfig"; sourceTree = "<group>"; };
		B1302818D8DCD7864E2FB4E7 /* Pods-SmileMeatsTests.debug.xcconfig */ = {isa = PBXFileReference; includeInIndex = 1; lastKnownFileType = text.xcconfig; name = "Pods-SmileMeatsTests.debug.xcconfig"; path = "Target Support Files/Pods-SmileMeatsTests/Pods-SmileMeatsTests.debug.xcconfig"; sourceTree = "<group>"; };
		B4D5C6F5BFBB7818C69D4AF3 /* Pods_SmileMeats_SmileMeatsUITests.framework */ = {isa = PBXFileReference; explicitFileType = wrapper.framework; includeInIndex = 0; path = Pods_SmileMeats_SmileMeatsUITests.framework; sourceTree = BUILT_PRODUCTS_DIR; };
		BD6FFCA0A905FBC33108ACCC /* Pods-SmileMeats-SmileMeatsUITests.release.xcconfig */ = {isa = PBXFileReference; includeInIndex = 1; lastKnownFileType = text.xcconfig; name = "Pods-SmileMeats-SmileMeatsUITests.release.xcconfig"; path = "Target Support Files/Pods-SmileMeats-SmileMeatsUITests/Pods-SmileMeats-SmileMeatsUITests.release.xcconfig"; sourceTree = "<group>"; };
		BF4463C464692169145984C1 /* Pods-SmileMeatsTests.release.xcconfig */ = {isa = PBXFileReference; includeInIndex = 1; lastKnownFileType = text.xcconfig; name = "Pods-SmileMeatsTests.release.xcconfig"; path = "Target Support Files/Pods-SmileMeatsTests/Pods-SmileMeatsTests.release.xcconfig"; sourceTree = "<group>"; };
		D048F34FAB48C85ABB43D677 /* Pods-SmileMeats.debug.xcconfig */ = {isa = PBXFileReference; includeInIndex = 1; lastKnownFileType = text.xcconfig; name = "Pods-SmileMeats.debug.xcconfig"; path = "Target Support Files/Pods-SmileMeats/Pods-SmileMeats.debug.xcconfig"; sourceTree = "<group>"; };
		E78F0F66BC24108EE6868554 /* Pods_SmileMeats.framework */ = {isa = PBXFileReference; explicitFileType = wrapper.framework; includeInIndex = 0; path = Pods_SmileMeats.framework; sourceTree = BUILT_PRODUCTS_DIR; };
		F8B651007A9FA8E561423E8D /* Pods_SmileMeatsTests.framework */ = {isa = PBXFileReference; explicitFileType = wrapper.framework; includeInIndex = 0; path = Pods_SmileMeatsTests.framework; sourceTree = BUILT_PRODUCTS_DIR; };
		FA652FFFF41472E97025FE45 /* Pods-SmileMeats.release.xcconfig */ = {isa = PBXFileReference; includeInIndex = 1; lastKnownFileType = text.xcconfig; name = "Pods-SmileMeats.release.xcconfig"; path = "Target Support Files/Pods-SmileMeats/Pods-SmileMeats.release.xcconfig"; sourceTree = "<group>"; };
/* End PBXFileReference section */

/* Begin PBXFrameworksBuildPhase section */
		3A18DB0D2818FDC300278E87 /* Frameworks */ = {
			isa = PBXFrameworksBuildPhase;
			buildActionMask = 2147483647;
			files = (
				A43ADDB13D1E278A888FB8DA /* Pods_SmileMeats.framework in Frameworks */,
			);
			runOnlyForDeploymentPostprocessing = 0;
		};
		3A18DB1D2818FDC400278E87 /* Frameworks */ = {
			isa = PBXFrameworksBuildPhase;
			buildActionMask = 2147483647;
			files = (
				C75B9D779041B6F50CE98B89 /* Pods_SmileMeatsTests.framework in Frameworks */,
			);
			runOnlyForDeploymentPostprocessing = 0;
		};
		3A18DB272818FDC400278E87 /* Frameworks */ = {
			isa = PBXFrameworksBuildPhase;
			buildActionMask = 2147483647;
			files = (
				CAC39269A15E85597D098915 /* Pods_SmileMeats_SmileMeatsUITests.framework in Frameworks */,
			);
			runOnlyForDeploymentPostprocessing = 0;
		};
/* End PBXFrameworksBuildPhase section */

/* Begin PBXGroup section */
		03ED4471AE215EBE5EC38B8A /* Frameworks */ = {
			isa = PBXGroup;
			children = (
				E78F0F66BC24108EE6868554 /* Pods_SmileMeats.framework */,
				B4D5C6F5BFBB7818C69D4AF3 /* Pods_SmileMeats_SmileMeatsUITests.framework */,
				F8B651007A9FA8E561423E8D /* Pods_SmileMeatsTests.framework */,
			);
			name = Frameworks;
			sourceTree = "<group>";
		};
		3A18DB072818FDC300278E87 = {
			isa = PBXGroup;
			children = (
				3A8C8554281A841500EC7252 /* LICENSE.md */,
				3A18DB122818FDC300278E87 /* SmileMeats */,
				3A18DB232818FDC400278E87 /* SmileMeatsTests */,
				3A18DB2D2818FDC400278E87 /* SmileMeatsUITests */,
				3A18DB112818FDC300278E87 /* Products */,
				9CFA3A0EA3FAFF02243E534C /* Pods */,
				03ED4471AE215EBE5EC38B8A /* Frameworks */,
			);
			sourceTree = "<group>";
		};
		3A18DB112818FDC300278E87 /* Products */ = {
			isa = PBXGroup;
			children = (
				3A18DB102818FDC300278E87 /* SmileMeats.app */,
				3A18DB202818FDC400278E87 /* SmileMeatsTests.xctest */,
				3A18DB2A2818FDC400278E87 /* SmileMeatsUITests.xctest */,
			);
			name = Products;
			sourceTree = "<group>";
		};
		3A18DB122818FDC300278E87 /* SmileMeats */ = {
			isa = PBXGroup;
			children = (
				3A18DB3F281911B600278E87 /* ViewModel */,
				3A18DB3E281911AA00278E87 /* Router */,
				3A18DB3D2819119400278E87 /* View */,
				3A18DB132818FDC300278E87 /* SmileMeatsApp.swift */,
				3A18DB152818FDC300278E87 /* ContentView.swift */,
				3A18DB172818FDC400278E87 /* Assets.xcassets */,
				3A18DB192818FDC400278E87 /* Preview Content */,
				3A8E33D52819391F00056387 /* DashboardItemModel.swift */,
			);
			path = SmileMeats;
			sourceTree = "<group>";
		};
		3A18DB192818FDC400278E87 /* Preview Content */ = {
			isa = PBXGroup;
			children = (
				3A18DB1A2818FDC400278E87 /* Preview Assets.xcassets */,
			);
			path = "Preview Content";
			sourceTree = "<group>";
		};
		3A18DB232818FDC400278E87 /* SmileMeatsTests */ = {
			isa = PBXGroup;
			children = (
				3A18DB242818FDC400278E87 /* SmileMeatsTests.swift */,
			);
			path = SmileMeatsTests;
			sourceTree = "<group>";
		};
		3A18DB2D2818FDC400278E87 /* SmileMeatsUITests */ = {
			isa = PBXGroup;
			children = (
				3A18DB2E2818FDC400278E87 /* SmileMeatsUITests.swift */,
				3A18DB302818FDC400278E87 /* SmileMeatsUITestsLaunchTests.swift */,
			);
			path = SmileMeatsUITests;
			sourceTree = "<group>";
		};
		3A18DB3D2819119400278E87 /* View */ = {
			isa = PBXGroup;
			children = (
				3A18DB402819122600278E87 /* DashboardView.swift */,
				3A8E33D728193A6D00056387 /* DashboardCardView.swift */,
			);
			path = View;
			sourceTree = "<group>";
		};
		3A18DB3E281911AA00278E87 /* Router */ = {
			isa = PBXGroup;
			children = (
			);
			path = Router;
			sourceTree = "<group>";
		};
		3A18DB3F281911B600278E87 /* ViewModel */ = {
			isa = PBXGroup;
			children = (
			);
			path = ViewModel;
			sourceTree = "<group>";
		};
		9CFA3A0EA3FAFF02243E534C /* Pods */ = {
			isa = PBXGroup;
			children = (
				D048F34FAB48C85ABB43D677 /* Pods-SmileMeats.debug.xcconfig */,
				FA652FFFF41472E97025FE45 /* Pods-SmileMeats.release.xcconfig */,
				ABBAC5B7AFE288550555A4D6 /* Pods-SmileMeats-SmileMeatsUITests.debug.xcconfig */,
				BD6FFCA0A905FBC33108ACCC /* Pods-SmileMeats-SmileMeatsUITests.release.xcconfig */,
				B1302818D8DCD7864E2FB4E7 /* Pods-SmileMeatsTests.debug.xcconfig */,
				BF4463C464692169145984C1 /* Pods-SmileMeatsTests.release.xcconfig */,
			);
			path = Pods;
			sourceTree = "<group>";
		};
/* End PBXGroup section */

/* Begin PBXNativeTarget section */
		3A18DB0F2818FDC300278E87 /* SmileMeats */ = {
			isa = PBXNativeTarget;
			buildConfigurationList = 3A18DB342818FDC400278E87 /* Build configuration list for PBXNativeTarget "SmileMeats" */;
			buildPhases = (
				848ACB74F6FCFCDE67B01417 /* [CP] Check Pods Manifest.lock */,
				3A18DB0C2818FDC300278E87 /* Sources */,
				3A18DB0D2818FDC300278E87 /* Frameworks */,
				3A18DB0E2818FDC300278E87 /* Resources */,
			);
			buildRules = (
			);
			dependencies = (
			);
			name = SmileMeats;
			productName = SmileMeats;
			productReference = 3A18DB102818FDC300278E87 /* SmileMeats.app */;
			productType = "com.apple.product-type.application";
		};
		3A18DB1F2818FDC400278E87 /* SmileMeatsTests */ = {
			isa = PBXNativeTarget;
			buildConfigurationList = 3A18DB372818FDC400278E87 /* Build configuration list for PBXNativeTarget "SmileMeatsTests" */;
			buildPhases = (
				E40FAE7B4CAE689576707EE9 /* [CP] Check Pods Manifest.lock */,
				3A18DB1C2818FDC400278E87 /* Sources */,
				3A18DB1D2818FDC400278E87 /* Frameworks */,
				3A18DB1E2818FDC400278E87 /* Resources */,
			);
			buildRules = (
			);
			dependencies = (
				3A18DB222818FDC400278E87 /* PBXTargetDependency */,
			);
			name = SmileMeatsTests;
			productName = SmileMeatsTests;
			productReference = 3A18DB202818FDC400278E87 /* SmileMeatsTests.xctest */;
			productType = "com.apple.product-type.bundle.unit-test";
		};
		3A18DB292818FDC400278E87 /* SmileMeatsUITests */ = {
			isa = PBXNativeTarget;
			buildConfigurationList = 3A18DB3A2818FDC400278E87 /* Build configuration list for PBXNativeTarget "SmileMeatsUITests" */;
			buildPhases = (
				151D13D6EEC5EBB583AEBAA3 /* [CP] Check Pods Manifest.lock */,
				3A18DB262818FDC400278E87 /* Sources */,
				3A18DB272818FDC400278E87 /* Frameworks */,
				3A18DB282818FDC400278E87 /* Resources */,
			);
			buildRules = (
			);
			dependencies = (
				3A18DB2C2818FDC400278E87 /* PBXTargetDependency */,
			);
			name = SmileMeatsUITests;
			productName = SmileMeatsUITests;
			productReference = 3A18DB2A2818FDC400278E87 /* SmileMeatsUITests.xctest */;
			productType = "com.apple.product-type.bundle.ui-testing";
		};
/* End PBXNativeTarget section */

/* Begin PBXProject section */
		3A18DB082818FDC300278E87 /* Project object */ = {
			isa = PBXProject;
			attributes = {
				BuildIndependentTargetsInParallel = 1;
				LastSwiftUpdateCheck = 1310;
				LastUpgradeCheck = 1310;
				TargetAttributes = {
					3A18DB0F2818FDC300278E87 = {
						CreatedOnToolsVersion = 13.1;
					};
					3A18DB1F2818FDC400278E87 = {
						CreatedOnToolsVersion = 13.1;
						TestTargetID = 3A18DB0F2818FDC300278E87;
					};
					3A18DB292818FDC400278E87 = {
						CreatedOnToolsVersion = 13.1;
						TestTargetID = 3A18DB0F2818FDC300278E87;
					};
				};
			};
			buildConfigurationList = 3A18DB0B2818FDC300278E87 /* Build configuration list for PBXProject "SmileMeats" */;
			compatibilityVersion = "Xcode 13.0";
			developmentRegion = en;
			hasScannedForEncodings = 0;
			knownRegions = (
				en,
				Base,
			);
			mainGroup = 3A18DB072818FDC300278E87;
			productRefGroup = 3A18DB112818FDC300278E87 /* Products */;
			projectDirPath = "";
			projectRoot = "";
			targets = (
				3A18DB0F2818FDC300278E87 /* SmileMeats */,
				3A18DB1F2818FDC400278E87 /* SmileMeatsTests */,
				3A18DB292818FDC400278E87 /* SmileMeatsUITests */,
			);
		};
/* End PBXProject section */

/* Begin PBXResourcesBuildPhase section */
		3A18DB0E2818FDC300278E87 /* Resources */ = {
			isa = PBXResourcesBuildPhase;
			buildActionMask = 2147483647;
			files = (
				3A18DB1B2818FDC400278E87 /* Preview Assets.xcassets in Resources */,
				3A8C8555281A841500EC7252 /* LICENSE.md in Resources */,
				3A18DB182818FDC400278E87 /* Assets.xcassets in Resources */,
			);
			runOnlyForDeploymentPostprocessing = 0;
		};
		3A18DB1E2818FDC400278E87 /* Resources */ = {
			isa = PBXResourcesBuildPhase;
			buildActionMask = 2147483647;
			files = (
			);
			runOnlyForDeploymentPostprocessing = 0;
		};
		3A18DB282818FDC400278E87 /* Resources */ = {
			isa = PBXResourcesBuildPhase;
			buildActionMask = 2147483647;
			files = (
			);
			runOnlyForDeploymentPostprocessing = 0;
		};
/* End PBXResourcesBuildPhase section */

/* Begin PBXShellScriptBuildPhase section */
		151D13D6EEC5EBB583AEBAA3 /* [CP] Check Pods Manifest.lock */ = {
			isa = PBXShellScriptBuildPhase;
			buildActionMask = 2147483647;
			files = (
			);
			inputFileListPaths = (
			);
			inputPaths = (
				"${PODS_PODFILE_DIR_PATH}/Podfile.lock",
				"${PODS_ROOT}/Manifest.lock",
			);
			name = "[CP] Check Pods Manifest.lock";
			outputFileListPaths = (
			);
			outputPaths = (
				"$(DERIVED_FILE_DIR)/Pods-SmileMeats-SmileMeatsUITests-checkManifestLockResult.txt",
			);
			runOnlyForDeploymentPostprocessing = 0;
			shellPath = /bin/sh;
			shellScript = "diff \"${PODS_PODFILE_DIR_PATH}/Podfile.lock\" \"${PODS_ROOT}/Manifest.lock\" > /dev/null\nif [ $? != 0 ] ; then\n    # print error to STDERR\n    echo \"error: The sandbox is not in sync with the Podfile.lock. Run 'pod install' or update your CocoaPods installation.\" >&2\n    exit 1\nfi\n# This output is used by Xcode 'outputs' to avoid re-running this script phase.\necho \"SUCCESS\" > \"${SCRIPT_OUTPUT_FILE_0}\"\n";
			showEnvVarsInLog = 0;
		};
		848ACB74F6FCFCDE67B01417 /* [CP] Check Pods Manifest.lock */ = {
			isa = PBXShellScriptBuildPhase;
			buildActionMask = 2147483647;
			files = (
			);
			inputFileListPaths = (
			);
			inputPaths = (
				"${PODS_PODFILE_DIR_PATH}/Podfile.lock",
				"${PODS_ROOT}/Manifest.lock",
			);
			name = "[CP] Check Pods Manifest.lock";
			outputFileListPaths = (
			);
			outputPaths = (
				"$(DERIVED_FILE_DIR)/Pods-SmileMeats-checkManifestLockResult.txt",
			);
			runOnlyForDeploymentPostprocessing = 0;
			shellPath = /bin/sh;
			shellScript = "diff \"${PODS_PODFILE_DIR_PATH}/Podfile.lock\" \"${PODS_ROOT}/Manifest.lock\" > /dev/null\nif [ $? != 0 ] ; then\n    # print error to STDERR\n    echo \"error: The sandbox is not in sync with the Podfile.lock. Run 'pod install' or update your CocoaPods installation.\" >&2\n    exit 1\nfi\n# This output is used by Xcode 'outputs' to avoid re-running this script phase.\necho \"SUCCESS\" > \"${SCRIPT_OUTPUT_FILE_0}\"\n";
			showEnvVarsInLog = 0;
		};
		E40FAE7B4CAE689576707EE9 /* [CP] Check Pods Manifest.lock */ = {
			isa = PBXShellScriptBuildPhase;
			buildActionMask = 2147483647;
			files = (
			);
			inputFileListPaths = (
			);
			inputPaths = (
				"${PODS_PODFILE_DIR_PATH}/Podfile.lock",
				"${PODS_ROOT}/Manifest.lock",
			);
			name = "[CP] Check Pods Manifest.lock";
			outputFileListPaths = (
			);
			outputPaths = (
				"$(DERIVED_FILE_DIR)/Pods-SmileMeatsTests-checkManifestLockResult.txt",
			);
			runOnlyForDeploymentPostprocessing = 0;
			shellPath = /bin/sh;
			shellScript = "diff \"${PODS_PODFILE_DIR_PATH}/Podfile.lock\" \"${PODS_ROOT}/Manifest.lock\" > /dev/null\nif [ $? != 0 ] ; then\n    # print error to STDERR\n    echo \"error: The sandbox is not in sync with the Podfile.lock. Run 'pod install' or update your CocoaPods installation.\" >&2\n    exit 1\nfi\n# This output is used by Xcode 'outputs' to avoid re-running this script phase.\necho \"SUCCESS\" > \"${SCRIPT_OUTPUT_FILE_0}\"\n";
			showEnvVarsInLog = 0;
		};
/* End PBXShellScriptBuildPhase section */

/* Begin PBXSourcesBuildPhase section */
		3A18DB0C2818FDC300278E87 /* Sources */ = {
			isa = PBXSourcesBuildPhase;
			buildActionMask = 2147483647;
			files = (
				3A18DB162818FDC300278E87 /* ContentView.swift in Sources */,
				3A8E33D828193A6D00056387 /* DashboardCardView.swift in Sources */,
				3A18DB412819122600278E87 /* DashboardView.swift in Sources */,
				3A18DB142818FDC300278E87 /* SmileMeatsApp.swift in Sources */,
				3A8E33D62819391F00056387 /* DashboardItemModel.swift in Sources */,
			);
			runOnlyForDeploymentPostprocessing = 0;
		};
		3A18DB1C2818FDC400278E87 /* Sources */ = {
			isa = PBXSourcesBuildPhase;
			buildActionMask = 2147483647;
			files = (
				3A18DB252818FDC400278E87 /* SmileMeatsTests.swift in Sources */,
			);
			runOnlyForDeploymentPostprocessing = 0;
		};
		3A18DB262818FDC400278E87 /* Sources */ = {
			isa = PBXSourcesBuildPhase;
			buildActionMask = 2147483647;
			files = (
				3A18DB312818FDC400278E87 /* SmileMeatsUITestsLaunchTests.swift in Sources */,
				3A18DB2F2818FDC400278E87 /* SmileMeatsUITests.swift in Sources */,
			);
			runOnlyForDeploymentPostprocessing = 0;
		};
/* End PBXSourcesBuildPhase section */

/* Begin PBXTargetDependency section */
		3A18DB222818FDC400278E87 /* PBXTargetDependency */ = {
			isa = PBXTargetDependency;
			target = 3A18DB0F2818FDC300278E87 /* SmileMeats */;
			targetProxy = 3A18DB212818FDC400278E87 /* PBXContainerItemProxy */;
		};
		3A18DB2C2818FDC400278E87 /* PBXTargetDependency */ = {
			isa = PBXTargetDependency;
			target = 3A18DB0F2818FDC300278E87 /* SmileMeats */;
			targetProxy = 3A18DB2B2818FDC400278E87 /* PBXContainerItemProxy */;
		};
/* End PBXTargetDependency section */

/* Begin XCBuildConfiguration section */
		3A18DB322818FDC400278E87 /* Debug */ = {
			isa = XCBuildConfiguration;
			buildSettings = {
				ALWAYS_SEARCH_USER_PATHS = NO;
				CLANG_ANALYZER_NONNULL = YES;
				CLANG_ANALYZER_NUMBER_OBJECT_CONVERSION = YES_AGGRESSIVE;
				CLANG_CXX_LANGUAGE_STANDARD = "gnu++17";
				CLANG_CXX_LIBRARY = "libc++";
				CLANG_ENABLE_MODULES = YES;
				CLANG_ENABLE_OBJC_ARC = YES;
				CLANG_ENABLE_OBJC_WEAK = YES;
				CLANG_WARN_BLOCK_CAPTURE_AUTORELEASING = YES;
				CLANG_WARN_BOOL_CONVERSION = YES;
				CLANG_WARN_COMMA = YES;
				CLANG_WARN_CONSTANT_CONVERSION = YES;
				CLANG_WARN_DEPRECATED_OBJC_IMPLEMENTATIONS = YES;
				CLANG_WARN_DIRECT_OBJC_ISA_USAGE = YES_ERROR;
				CLANG_WARN_DOCUMENTATION_COMMENTS = YES;
				CLANG_WARN_EMPTY_BODY = YES;
				CLANG_WARN_ENUM_CONVERSION = YES;
				CLANG_WARN_INFINITE_RECURSION = YES;
				CLANG_WARN_INT_CONVERSION = YES;
				CLANG_WARN_NON_LITERAL_NULL_CONVERSION = YES;
				CLANG_WARN_OBJC_IMPLICIT_RETAIN_SELF = YES;
				CLANG_WARN_OBJC_LITERAL_CONVERSION = YES;
				CLANG_WARN_OBJC_ROOT_CLASS = YES_ERROR;
				CLANG_WARN_QUOTED_INCLUDE_IN_FRAMEWORK_HEADER = YES;
				CLANG_WARN_RANGE_LOOP_ANALYSIS = YES;
				CLANG_WARN_STRICT_PROTOTYPES = YES;
				CLANG_WARN_SUSPICIOUS_MOVE = YES;
				CLANG_WARN_UNGUARDED_AVAILABILITY = YES_AGGRESSIVE;
				CLANG_WARN_UNREACHABLE_CODE = YES;
				CLANG_WARN__DUPLICATE_METHOD_MATCH = YES;
				COPY_PHASE_STRIP = NO;
				DEBUG_INFORMATION_FORMAT = dwarf;
				ENABLE_STRICT_OBJC_MSGSEND = YES;
				ENABLE_TESTABILITY = YES;
				GCC_C_LANGUAGE_STANDARD = gnu11;
				GCC_DYNAMIC_NO_PIC = NO;
				GCC_NO_COMMON_BLOCKS = YES;
				GCC_OPTIMIZATION_LEVEL = 0;
				GCC_PREPROCESSOR_DEFINITIONS = (
					"DEBUG=1",
					"$(inherited)",
				);
				GCC_WARN_64_TO_32_BIT_CONVERSION = YES;
				GCC_WARN_ABOUT_RETURN_TYPE = YES_ERROR;
				GCC_WARN_UNDECLARED_SELECTOR = YES;
				GCC_WARN_UNINITIALIZED_AUTOS = YES_AGGRESSIVE;
				GCC_WARN_UNUSED_FUNCTION = YES;
				GCC_WARN_UNUSED_VARIABLE = YES;
				IPHONEOS_DEPLOYMENT_TARGET = 15.0;
				MTL_ENABLE_DEBUG_INFO = INCLUDE_SOURCE;
				MTL_FAST_MATH = YES;
				ONLY_ACTIVE_ARCH = YES;
				SDKROOT = iphoneos;
				SWIFT_ACTIVE_COMPILATION_CONDITIONS = DEBUG;
				SWIFT_OPTIMIZATION_LEVEL = "-Onone";
			};
			name = Debug;
		};
		3A18DB332818FDC400278E87 /* Release */ = {
			isa = XCBuildConfiguration;
			buildSettings = {
				ALWAYS_SEARCH_USER_PATHS = NO;
				CLANG_ANALYZER_NONNULL = YES;
				CLANG_ANALYZER_NUMBER_OBJECT_CONVERSION = YES_AGGRESSIVE;
				CLANG_CXX_LANGUAGE_STANDARD = "gnu++17";
				CLANG_CXX_LIBRARY = "libc++";
				CLANG_ENABLE_MODULES = YES;
				CLANG_ENABLE_OBJC_ARC = YES;
				CLANG_ENABLE_OBJC_WEAK = YES;
				CLANG_WARN_BLOCK_CAPTURE_AUTORELEASING = YES;
				CLANG_WARN_BOOL_CONVERSION = YES;
				CLANG_WARN_COMMA = YES;
				CLANG_WARN_CONSTANT_CONVERSION = YES;
				CLANG_WARN_DEPRECATED_OBJC_IMPLEMENTATIONS = YES;
				CLANG_WARN_DIRECT_OBJC_ISA_USAGE = YES_ERROR;
				CLANG_WARN_DOCUMENTATION_COMMENTS = YES;
				CLANG_WARN_EMPTY_BODY = YES;
				CLANG_WARN_ENUM_CONVERSION = YES;
				CLANG_WARN_INFINITE_RECURSION = YES;
				CLANG_WARN_INT_CONVERSION = YES;
				CLANG_WARN_NON_LITERAL_NULL_CONVERSION = YES;
				CLANG_WARN_OBJC_IMPLICIT_RETAIN_SELF = YES;
				CLANG_WARN_OBJC_LITERAL_CONVERSION = YES;
				CLANG_WARN_OBJC_ROOT_CLASS = YES_ERROR;
				CLANG_WARN_QUOTED_INCLUDE_IN_FRAMEWORK_HEADER = YES;
				CLANG_WARN_RANGE_LOOP_ANALYSIS = YES;
				CLANG_WARN_STRICT_PROTOTYPES = YES;
				CLANG_WARN_SUSPICIOUS_MOVE = YES;
				CLANG_WARN_UNGUARDED_AVAILABILITY = YES_AGGRESSIVE;
				CLANG_WARN_UNREACHABLE_CODE = YES;
				CLANG_WARN__DUPLICATE_METHOD_MATCH = YES;
				COPY_PHASE_STRIP = NO;
				DEBUG_INFORMATION_FORMAT = "dwarf-with-dsym";
				ENABLE_NS_ASSERTIONS = NO;
				ENABLE_STRICT_OBJC_MSGSEND = YES;
				GCC_C_LANGUAGE_STANDARD = gnu11;
				GCC_NO_COMMON_BLOCKS = YES;
				GCC_WARN_64_TO_32_BIT_CONVERSION = YES;
				GCC_WARN_ABOUT_RETURN_TYPE = YES_ERROR;
				GCC_WARN_UNDECLARED_SELECTOR = YES;
				GCC_WARN_UNINITIALIZED_AUTOS = YES_AGGRESSIVE;
				GCC_WARN_UNUSED_FUNCTION = YES;
				GCC_WARN_UNUSED_VARIABLE = YES;
				IPHONEOS_DEPLOYMENT_TARGET = 15.0;
				MTL_ENABLE_DEBUG_INFO = NO;
				MTL_FAST_MATH = YES;
				SDKROOT = iphoneos;
				SWIFT_COMPILATION_MODE = wholemodule;
				SWIFT_OPTIMIZATION_LEVEL = "-O";
				VALIDATE_PRODUCT = YES;
			};
			name = Release;
		};
		3A18DB352818FDC400278E87 /* Debug */ = {
			isa = XCBuildConfiguration;
			baseConfigurationReference = D048F34FAB48C85ABB43D677 /* Pods-SmileMeats.debug.xcconfig */;
			buildSettings = {
				ASSETCATALOG_COMPILER_APPICON_NAME = AppIcon;
				ASSETCATALOG_COMPILER_GLOBAL_ACCENT_COLOR_NAME = AccentColor;
				CODE_SIGN_STYLE = Automatic;
				CURRENT_PROJECT_VERSION = 1;
				DEVELOPMENT_ASSET_PATHS = "\"SmileMeats/Preview Content\"";
				DEVELOPMENT_TEAM = 893TLVG7SD;
				ENABLE_PREVIEWS = YES;
				GENERATE_INFOPLIST_FILE = YES;
				INFOPLIST_KEY_UIApplicationSceneManifest_Generation = YES;
				INFOPLIST_KEY_UIApplicationSupportsIndirectInputEvents = YES;
				INFOPLIST_KEY_UILaunchScreen_Generation = YES;
				INFOPLIST_KEY_UISupportedInterfaceOrientations_iPad = "UIInterfaceOrientationPortrait UIInterfaceOrientationPortraitUpsideDown UIInterfaceOrientationLandscapeLeft UIInterfaceOrientationLandscapeRight";
				INFOPLIST_KEY_UISupportedInterfaceOrientations_iPhone = "UIInterfaceOrientationPortrait UIInterfaceOrientationLandscapeLeft UIInterfaceOrientationLandscapeRight";
				LD_RUNPATH_SEARCH_PATHS = (
					"$(inherited)",
					"@executable_path/Frameworks",
				);
				MARKETING_VERSION = 1.0;
				PRODUCT_BUNDLE_IDENTIFIER = com.rahuldev.SmileMeats;
				PRODUCT_NAME = "$(TARGET_NAME)";
				SWIFT_EMIT_LOC_STRINGS = YES;
				SWIFT_VERSION = 5.0;
				TARGETED_DEVICE_FAMILY = "1,2";
			};
			name = Debug;
		};
		3A18DB362818FDC400278E87 /* Release */ = {
			isa = XCBuildConfiguration;
			baseConfigurationReference = FA652FFFF41472E97025FE45 /* Pods-SmileMeats.release.xcconfig */;
			buildSettings = {
				ASSETCATALOG_COMPILER_APPICON_NAME = AppIcon;
				ASSETCATALOG_COMPILER_GLOBAL_ACCENT_COLOR_NAME = AccentColor;
				CODE_SIGN_STYLE = Automatic;
				CURRENT_PROJECT_VERSION = 1;
				DEVELOPMENT_ASSET_PATHS = "\"SmileMeats/Preview Content\"";
				DEVELOPMENT_TEAM = 893TLVG7SD;
				ENABLE_PREVIEWS = YES;
				GENERATE_INFOPLIST_FILE = YES;
				INFOPLIST_KEY_UIApplicationSceneManifest_Generation = YES;
				INFOPLIST_KEY_UIApplicationSupportsIndirectInputEvents = YES;
				INFOPLIST_KEY_UILaunchScreen_Generation = YES;
				INFOPLIST_KEY_UISupportedInterfaceOrientations_iPad = "UIInterfaceOrientationPortrait UIInterfaceOrientationPortraitUpsideDown UIInterfaceOrientationLandscapeLeft UIInterfaceOrientationLandscapeRight";
				INFOPLIST_KEY_UISupportedInterfaceOrientations_iPhone = "UIInterfaceOrientationPortrait UIInterfaceOrientationLandscapeLeft UIInterfaceOrientationLandscapeRight";
				LD_RUNPATH_SEARCH_PATHS = (
					"$(inherited)",
					"@executable_path/Frameworks",
				);
				MARKETING_VERSION = 1.0;
				PRODUCT_BUNDLE_IDENTIFIER = com.rahuldev.SmileMeats;
				PRODUCT_NAME = "$(TARGET_NAME)";
				SWIFT_EMIT_LOC_STRINGS = YES;
				SWIFT_VERSION = 5.0;
				TARGETED_DEVICE_FAMILY = "1,2";
			};
			name = Release;
		};
		3A18DB382818FDC400278E87 /* Debug */ = {
			isa = XCBuildConfiguration;
			baseConfigurationReference = B1302818D8DCD7864E2FB4E7 /* Pods-SmileMeatsTests.debug.xcconfig */;
			buildSettings = {
				ALWAYS_EMBED_SWIFT_STANDARD_LIBRARIES = YES;
				BUNDLE_LOADER = "$(TEST_HOST)";
				CODE_SIGN_STYLE = Automatic;
				CURRENT_PROJECT_VERSION = 1;
				DEVELOPMENT_TEAM = 893TLVG7SD;
				GENERATE_INFOPLIST_FILE = YES;
				IPHONEOS_DEPLOYMENT_TARGET = 15.0;
				LD_RUNPATH_SEARCH_PATHS = (
					"$(inherited)",
					"@executable_path/Frameworks",
					"@loader_path/Frameworks",
				);
				MARKETING_VERSION = 1.0;
				PRODUCT_BUNDLE_IDENTIFIER = com.rahuldev.SmileMeatsTests;
				PRODUCT_NAME = "$(TARGET_NAME)";
				SWIFT_EMIT_LOC_STRINGS = NO;
				SWIFT_VERSION = 5.0;
				TARGETED_DEVICE_FAMILY = "1,2";
				TEST_HOST = "$(BUILT_PRODUCTS_DIR)/SmileMeats.app/SmileMeats";
			};
			name = Debug;
		};
		3A18DB392818FDC400278E87 /* Release */ = {
			isa = XCBuildConfiguration;
			baseConfigurationReference = BF4463C464692169145984C1 /* Pods-SmileMeatsTests.release.xcconfig */;
			buildSettings = {
				ALWAYS_EMBED_SWIFT_STANDARD_LIBRARIES = YES;
				BUNDLE_LOADER = "$(TEST_HOST)";
				CODE_SIGN_STYLE = Automatic;
				CURRENT_PROJECT_VERSION = 1;
				DEVELOPMENT_TEAM = 893TLVG7SD;
				GENERATE_INFOPLIST_FILE = YES;
				IPHONEOS_DEPLOYMENT_TARGET = 15.0;
				LD_RUNPATH_SEARCH_PATHS = (
					"$(inherited)",
					"@executable_path/Frameworks",
					"@loader_path/Frameworks",
				);
				MARKETING_VERSION = 1.0;
				PRODUCT_BUNDLE_IDENTIFIER = com.rahuldev.SmileMeatsTests;
				PRODUCT_NAME = "$(TARGET_NAME)";
				SWIFT_EMIT_LOC_STRINGS = NO;
				SWIFT_VERSION = 5.0;
				TARGETED_DEVICE_FAMILY = "1,2";
				TEST_HOST = "$(BUILT_PRODUCTS_DIR)/SmileMeats.app/SmileMeats";
			};
			name = Release;
		};
		3A18DB3B2818FDC400278E87 /* Debug */ = {
			isa = XCBuildConfiguration;
			baseConfigurationReference = ABBAC5B7AFE288550555A4D6 /* Pods-SmileMeats-SmileMeatsUITests.debug.xcconfig */;
			buildSettings = {
				ALWAYS_EMBED_SWIFT_STANDARD_LIBRARIES = YES;
				CODE_SIGN_STYLE = Automatic;
				CURRENT_PROJECT_VERSION = 1;
				DEVELOPMENT_TEAM = 893TLVG7SD;
				GENERATE_INFOPLIST_FILE = YES;
				LD_RUNPATH_SEARCH_PATHS = (
					"$(inherited)",
					"@executable_path/Frameworks",
					"@loader_path/Frameworks",
				);
				MARKETING_VERSION = 1.0;
				PRODUCT_BUNDLE_IDENTIFIER = com.rahuldev.SmileMeatsUITests;
				PRODUCT_NAME = "$(TARGET_NAME)";
				SWIFT_EMIT_LOC_STRINGS = NO;
				SWIFT_VERSION = 5.0;
				TARGETED_DEVICE_FAMILY = "1,2";
				TEST_TARGET_NAME = SmileMeats;
			};
			name = Debug;
		};
		3A18DB3C2818FDC400278E87 /* Release */ = {
			isa = XCBuildConfiguration;
			baseConfigurationReference = BD6FFCA0A905FBC33108ACCC /* Pods-SmileMeats-SmileMeatsUITests.release.xcconfig */;
			buildSettings = {
				ALWAYS_EMBED_SWIFT_STANDARD_LIBRARIES = YES;
				CODE_SIGN_STYLE = Automatic;
				CURRENT_PROJECT_VERSION = 1;
				DEVELOPMENT_TEAM = 893TLVG7SD;
				GENERATE_INFOPLIST_FILE = YES;
				LD_RUNPATH_SEARCH_PATHS = (
					"$(inherited)",
					"@executable_path/Frameworks",
					"@loader_path/Frameworks",
				);
				MARKETING_VERSION = 1.0;
				PRODUCT_BUNDLE_IDENTIFIER = com.rahuldev.SmileMeatsUITests;
				PRODUCT_NAME = "$(TARGET_NAME)";
				SWIFT_EMIT_LOC_STRINGS = NO;
				SWIFT_VERSION = 5.0;
				TARGETED_DEVICE_FAMILY = "1,2";
				TEST_TARGET_NAME = SmileMeats;
			};
			name = Release;
		};
/* End XCBuildConfiguration section */

/* Begin XCConfigurationList section */
		3A18DB0B2818FDC300278E87 /* Build configuration list for PBXProject "SmileMeats" */ = {
			isa = XCConfigurationList;
			buildConfigurations = (
				3A18DB322818FDC400278E87 /* Debug */,
				3A18DB332818FDC400278E87 /* Release */,
			);
			defaultConfigurationIsVisible = 0;
			defaultConfigurationName = Release;
		};
		3A18DB342818FDC400278E87 /* Build configuration list for PBXNativeTarget "SmileMeats" */ = {
			isa = XCConfigurationList;
			buildConfigurations = (
				3A18DB352818FDC400278E87 /* Debug */,
				3A18DB362818FDC400278E87 /* Release */,
			);
			defaultConfigurationIsVisible = 0;
			defaultConfigurationName = Release;
		};
		3A18DB372818FDC400278E87 /* Build configuration list for PBXNativeTarget "SmileMeatsTests" */ = {
			isa = XCConfigurationList;
			buildConfigurations = (
				3A18DB382818FDC400278E87 /* Debug */,
				3A18DB392818FDC400278E87 /* Release */,
			);
			defaultConfigurationIsVisible = 0;
			defaultConfigurationName = Release;
		};
		3A18DB3A2818FDC400278E87 /* Build configuration list for PBXNativeTarget "SmileMeatsUITests" */ = {
			isa = XCConfigurationList;
			buildConfigurations = (
				3A18DB3B2818FDC400278E87 /* Debug */,
				3A18DB3C2818FDC400278E87 /* Release */,
			);
			defaultConfigurationIsVisible = 0;
			defaultConfigurationName = Release;
		};
/* End XCConfigurationList section */
	};
	rootObject = 3A18DB082818FDC300278E87 /* Project object */;
}
